
Microsoft Visual Studio Solution File, Format Version 12.00
# Visual Studio Version 17
VisualStudioVersion = 17.0.32014.148
MinimumVisualStudioVersion = 10.0.40219.1
Project("{FAE04EC0-301F-11D3-BF4B-00C04F79EFBC}") = "HelloCSharp", "HelloCSharp\HelloCSharp.csproj", "{336E33D1-7EEB-405D-B125-024F25763298}"
EndProject
Global
	GlobalSection(SolutionConfigurationPlatforms) = preSolution
		Debug|Any CPU = Debug|Any CPU
		Release|Any CPU = Release|Any CPU
	EndGlobalSection
	GlobalSection(ProjectConfigurationPlatforms) = postSolution
		{336E33D1-7EEB-405D-B125-024F25763298}.Debug|Any CPU.ActiveCfg = Debug|Any CPU
		{336E33D1-7EEB-405D-B125-024F25763298}.Debug|Any CPU.Build.0 = Debug|Any CPU
		{336E33D1-7EEB-405D-B125-024F25763298}.Release|Any CPU.ActiveCfg = Release|Any CPU
		{336E33D1-7EEB-405D-B125-024F25763298}.Release|Any CPU.Build.0 = Release|Any CPU
	EndGlobalSection
	GlobalSection(SolutionProperties) = preSolution
		HideSolutionNode = FALSE
	EndGlobalSection
	GlobalSection(ExtensibilityGlobals) = postSolution
		SolutionGuid = {09C32277-CA00-4718-83DF-288D514B4F2F}
	EndGlobalSection
EndGlobal
